
Microsoft Visual Studio Solution File, Format Version 12.00
Project("{FAE04EC0-301F-11D3-BF4B-00C04F79EFBC}") = "cityExplorer", "cityExplorer\cityExplorer.csproj", "{706460A5-2B51-4140-A9CF-EAC4F5B75F13}"
EndProject
Global
	GlobalSection(SolutionConfigurationPlatforms) = preSolution
		Debug|Any CPU = Debug|Any CPU
		Release|Any CPU = Release|Any CPU
	EndGlobalSection
	GlobalSection(ProjectConfigurationPlatforms) = postSolution
		{706460A5-2B51-4140-A9CF-EAC4F5B75F13}.Debug|Any CPU.ActiveCfg = Debug|Any CPU
		{706460A5-2B51-4140-A9CF-EAC4F5B75F13}.Debug|Any CPU.Build.0 = Debug|Any CPU
		{706460A5-2B51-4140-A9CF-EAC4F5B75F13}.Release|Any CPU.ActiveCfg = Release|Any CPU
		{706460A5-2B51-4140-A9CF-EAC4F5B75F13}.Release|Any CPU.Build.0 = Release|Any CPU
	EndGlobalSection
EndGlobal
